
Microsoft Visual Studio Solution File, Format Version 12.00
# Visual Studio Version 16
VisualStudioVersion = 16.0.33927.289
MinimumVisualStudioVersion = 10.0.40219.1
Project("{8BC9CEB8-8B4A-11D0-8D11-00A0C91BC942}") = "exercism", "exercism\exercism.vcxproj", "{A28B4559-D241-465D-AC99-2AADD3FA725E}"
EndProject
Project("{8BC9CEB8-8B4A-11D0-8D11-00A0C91BC942}") = "spaceAge", "spaceAge\spaceAge.vcxproj", "{E890222C-7EE5-42E6-B303-59A435FD400B}"
EndProject
Project("{8BC9CEB8-8B4A-11D0-8D11-00A0C91BC942}") = "Log_Level", "Log_Level\Log_Level.vcxproj", "{0F73571F-3E1C-4FD3-97D3-0C80EA3FC75C}"
EndProject
Project("{8BC9CEB8-8B4A-11D0-8D11-00A0C91BC942}") = "Freelancer_rate", "Freelancer_rate\Freelancer_rate.vcxproj", "{F9508D8D-5F4F-44B3-AE8B-32B3A3BB106B}"
EndProject
Project("{8BC9CEB8-8B4A-11D0-8D11-00A0C91BC942}") = "Pacman_rules", "Pacman_rules\Pacman_rules.vcxproj", "{8335CE26-FE44-49EC-9099-4EC8249AD227}"
EndProject
Project("{8BC9CEB8-8B4A-11D0-8D11-00A0C91BC942}") = "Vehicle_Purchase", "Vehicle_Purchase\Vehicle_Purchase.vcxproj", "{C35774FB-6F9F-4CDF-9DBB-586806C63864}"
EndProject
Project("{8BC9CEB8-8B4A-11D0-8D11-00A0C91BC942}") = "Interests_Is_Interesting", "Interests_Is_Interesting\Interests_Is_Interesting.vcxproj", "{62CC61B7-308D-4B8D-843C-950F73A3776B}"
EndProject
Project("{8BC9CEB8-8B4A-11D0-8D11-00A0C91BC942}") = "Making_the_Grades", "Making_the_Grades\Making_the_Grades.vcxproj", "{63566E88-9D83-4D6B-ACB8-023DAC5A5AE8}"
EndProject
Project("{8BC9CEB8-8B4A-11D0-8D11-00A0C91BC942}") = "Rain_Drop", "Rain_Drop\Rain_Drop.vcxproj", "{E01CFF72-EDD5-4B74-8443-9BCED5803E0C}"
EndProject
Project("{8BC9CEB8-8B4A-11D0-8D11-00A0C91BC942}") = "Protein_Translation", "Protein_Translation\Protein_Translation.vcxproj", "{27D521D2-E647-41B6-8972-5DB88E0C0981}"
EndProject
Project("{8BC9CEB8-8B4A-11D0-8D11-00A0C91BC942}") = "Difference_of_Squares", "Difference_of_Squares\Difference_of_Squares.vcxproj", "{C04E9DE8-7445-4FE6-A338-1CACBD5B529E}"
EndProject
Project("{8BC9CEB8-8B4A-11D0-8D11-00A0C91BC942}") = "Trinary", "Trinary\Trinary.vcxproj", "{184DBDC6-A568-4474-87C8-F401D2AADEF3}"
EndProject
Project("{8BC9CEB8-8B4A-11D0-8D11-00A0C91BC942}") = "Luhn", "Luhn\Luhn.vcxproj", "{92C665D2-D78E-4E18-9497-DBE0E07A3D60}"
EndProject
Global
	GlobalSection(SolutionConfigurationPlatforms) = preSolution
		Debug|x64 = Debug|x64
		Debug|x86 = Debug|x86
		Release|x64 = Release|x64
		Release|x86 = Release|x86
	EndGlobalSection
	GlobalSection(ProjectConfigurationPlatforms) = postSolution
		{A28B4559-D241-465D-AC99-2AADD3FA725E}.Debug|x64.ActiveCfg = Debug|x64
		{A28B4559-D241-465D-AC99-2AADD3FA725E}.Debug|x64.Build.0 = Debug|x64
		{A28B4559-D241-465D-AC99-2AADD3FA725E}.Debug|x86.ActiveCfg = Debug|Win32
		{A28B4559-D241-465D-AC99-2AADD3FA725E}.Debug|x86.Build.0 = Debug|Win32
		{A28B4559-D241-465D-AC99-2AADD3FA725E}.Release|x64.ActiveCfg = Release|x64
		{A28B4559-D241-465D-AC99-2AADD3FA725E}.Release|x64.Build.0 = Release|x64
		{A28B4559-D241-465D-AC99-2AADD3FA725E}.Release|x86.ActiveCfg = Release|Win32
		{A28B4559-D241-465D-AC99-2AADD3FA725E}.Release|x86.Build.0 = Release|Win32
		{E890222C-7EE5-42E6-B303-59A435FD400B}.Debug|x64.ActiveCfg = Debug|x64
		{E890222C-7EE5-42E6-B303-59A435FD400B}.Debug|x64.Build.0 = Debug|x64
		{E890222C-7EE5-42E6-B303-59A435FD400B}.Debug|x86.ActiveCfg = Debug|Win32
		{E890222C-7EE5-42E6-B303-59A435FD400B}.Debug|x86.Build.0 = Debug|Win32
		{E890222C-7EE5-42E6-B303-59A435FD400B}.Release|x64.ActiveCfg = Release|x64
		{E890222C-7EE5-42E6-B303-59A435FD400B}.Release|x64.Build.0 = Release|x64
		{E890222C-7EE5-42E6-B303-59A435FD400B}.Release|x86.ActiveCfg = Release|Win32
		{E890222C-7EE5-42E6-B303-59A435FD400B}.Release|x86.Build.0 = Release|Win32
		{0F73571F-3E1C-4FD3-97D3-0C80EA3FC75C}.Debug|x64.ActiveCfg = Debug|x64
		{0F73571F-3E1C-4FD3-97D3-0C80EA3FC75C}.Debug|x64.Build.0 = Debug|x64
		{0F73571F-3E1C-4FD3-97D3-0C80EA3FC75C}.Debug|x86.ActiveCfg = Debug|Win32
		{0F73571F-3E1C-4FD3-97D3-0C80EA3FC75C}.Debug|x86.Build.0 = Debug|Win32
		{0F73571F-3E1C-4FD3-97D3-0C80EA3FC75C}.Release|x64.ActiveCfg = Release|x64
		{0F73571F-3E1C-4FD3-97D3-0C80EA3FC75C}.Release|x64.Build.0 = Release|x64
		{0F73571F-3E1C-4FD3-97D3-0C80EA3FC75C}.Release|x86.ActiveCfg = Release|Win32
		{0F73571F-3E1C-4FD3-97D3-0C80EA3FC75C}.Release|x86.Build.0 = Release|Win32
		{F9508D8D-5F4F-44B3-AE8B-32B3A3BB106B}.Debug|x64.ActiveCfg = Debug|x64
		{F9508D8D-5F4F-44B3-AE8B-32B3A3BB106B}.Debug|x64.Build.0 = Debug|x64
		{F9508D8D-5F4F-44B3-AE8B-32B3A3BB106B}.Debug|x86.ActiveCfg = Debug|Win32
		{F9508D8D-5F4F-44B3-AE8B-32B3A3BB106B}.Debug|x86.Build.0 = Debug|Win32
		{F9508D8D-5F4F-44B3-AE8B-32B3A3BB106B}.Release|x64.ActiveCfg = Release|x64
		{F9508D8D-5F4F-44B3-AE8B-32B3A3BB106B}.Release|x64.Build.0 = Release|x64
		{F9508D8D-5F4F-44B3-AE8B-32B3A3BB106B}.Release|x86.ActiveCfg = Release|Win32
		{F9508D8D-5F4F-44B3-AE8B-32B3A3BB106B}.Release|x86.Build.0 = Release|Win32
		{8335CE26-FE44-49EC-9099-4EC8249AD227}.Debug|x64.ActiveCfg = Debug|x64
		{8335CE26-FE44-49EC-9099-4EC8249AD227}.Debug|x64.Build.0 = Debug|x64
		{8335CE26-FE44-49EC-9099-4EC8249AD227}.Debug|x86.ActiveCfg = Debug|Win32
		{8335CE26-FE44-49EC-9099-4EC8249AD227}.Debug|x86.Build.0 = Debug|Win32
		{8335CE26-FE44-49EC-9099-4EC8249AD227}.Release|x64.ActiveCfg = Release|x64
		{8335CE26-FE44-49EC-9099-4EC8249AD227}.Release|x64.Build.0 = Release|x64
		{8335CE26-FE44-49EC-9099-4EC8249AD227}.Release|x86.ActiveCfg = Release|Win32
		{8335CE26-FE44-49EC-9099-4EC8249AD227}.Release|x86.Build.0 = Release|Win32
		{C35774FB-6F9F-4CDF-9DBB-586806C63864}.Debug|x64.ActiveCfg = Debug|x64
		{C35774FB-6F9F-4CDF-9DBB-586806C63864}.Debug|x64.Build.0 = Debug|x64
		{C35774FB-6F9F-4CDF-9DBB-586806C63864}.Debug|x86.ActiveCfg = Debug|Win32
		{C35774FB-6F9F-4CDF-9DBB-586806C63864}.Debug|x86.Build.0 = Debug|Win32
		{C35774FB-6F9F-4CDF-9DBB-586806C63864}.Release|x64.ActiveCfg = Release|x64
		{C35774FB-6F9F-4CDF-9DBB-586806C63864}.Release|x64.Build.0 = Release|x64
		{C35774FB-6F9F-4CDF-9DBB-586806C63864}.Release|x86.ActiveCfg = Release|Win32
		{C35774FB-6F9F-4CDF-9DBB-586806C63864}.Release|x86.Build.0 = Release|Win32
		{62CC61B7-308D-4B8D-843C-950F73A3776B}.Debug|x64.ActiveCfg = Debug|x64
		{62CC61B7-308D-4B8D-843C-950F73A3776B}.Debug|x64.Build.0 = Debug|x64
		{62CC61B7-308D-4B8D-843C-950F73A3776B}.Debug|x86.ActiveCfg = Debug|Win32
		{62CC61B7-308D-4B8D-843C-950F73A3776B}.Debug|x86.Build.0 = Debug|Win32
		{62CC61B7-308D-4B8D-843C-950F73A3776B}.Release|x64.ActiveCfg = Release|x64
		{62CC61B7-308D-4B8D-843C-950F73A3776B}.Release|x64.Build.0 = Release|x64
		{62CC61B7-308D-4B8D-843C-950F73A3776B}.Release|x86.ActiveCfg = Release|Win32
		{62CC61B7-308D-4B8D-843C-950F73A3776B}.Release|x86.Build.0 = Release|Win32
		{63566E88-9D83-4D6B-ACB8-023DAC5A5AE8}.Debug|x64.ActiveCfg = Debug|x64
		{63566E88-9D83-4D6B-ACB8-023DAC5A5AE8}.Debug|x64.Build.0 = Debug|x64
		{63566E88-9D83-4D6B-ACB8-023DAC5A5AE8}.Debug|x86.ActiveCfg = Debug|Win32
		{63566E88-9D83-4D6B-ACB8-023DAC5A5AE8}.Debug|x86.Build.0 = Debug|Win32
		{63566E88-9D83-4D6B-ACB8-023DAC5A5AE8}.Release|x64.ActiveCfg = Release|x64
		{63566E88-9D83-4D6B-ACB8-023DAC5A5AE8}.Release|x64.Build.0 = Release|x64
		{63566E88-9D83-4D6B-ACB8-023DAC5A5AE8}.Release|x86.ActiveCfg = Release|Win32
		{63566E88-9D83-4D6B-ACB8-023DAC5A5AE8}.Release|x86.Build.0 = Release|Win32
		{E01CFF72-EDD5-4B74-8443-9BCED5803E0C}.Debug|x64.ActiveCfg = Debug|x64
		{E01CFF72-EDD5-4B74-8443-9BCED5803E0C}.Debug|x64.Build.0 = Debug|x64
		{E01CFF72-EDD5-4B74-8443-9BCED5803E0C}.Debug|x86.ActiveCfg = Debug|Win32
		{E01CFF72-EDD5-4B74-8443-9BCED5803E0C}.Debug|x86.Build.0 = Debug|Win32
		{E01CFF72-EDD5-4B74-8443-9BCED5803E0C}.Release|x64.ActiveCfg = Release|x64
		{E01CFF72-EDD5-4B74-8443-9BCED5803E0C}.Release|x64.Build.0 = Release|x64
		{E01CFF72-EDD5-4B74-8443-9BCED5803E0C}.Release|x86.ActiveCfg = Release|Win32
		{E01CFF72-EDD5-4B74-8443-9BCED5803E0C}.Release|x86.Build.0 = Release|Win32
		{27D521D2-E647-41B6-8972-5DB88E0C0981}.Debug|x64.ActiveCfg = Debug|x64
		{27D521D2-E647-41B6-8972-5DB88E0C0981}.Debug|x64.Build.0 = Debug|x64
		{27D521D2-E647-41B6-8972-5DB88E0C0981}.Debug|x86.ActiveCfg = Debug|Win32
		{27D521D2-E647-41B6-8972-5DB88E0C0981}.Debug|x86.Build.0 = Debug|Win32
		{27D521D2-E647-41B6-8972-5DB88E0C0981}.Release|x64.ActiveCfg = Release|x64
		{27D521D2-E647-41B6-8972-5DB88E0C0981}.Release|x64.Build.0 = Release|x64
		{27D521D2-E647-41B6-8972-5DB88E0C0981}.Release|x86.ActiveCfg = Release|Win32
		{27D521D2-E647-41B6-8972-5DB88E0C0981}.Release|x86.Build.0 = Release|Win32
		{C04E9DE8-7445-4FE6-A338-1CACBD5B529E}.Debug|x64.ActiveCfg = Debug|x64
		{C04E9DE8-7445-4FE6-A338-1CACBD5B529E}.Debug|x64.Build.0 = Debug|x64
		{C04E9DE8-7445-4FE6-A338-1CACBD5B529E}.Debug|x86.ActiveCfg = Debug|Win32
		{C04E9DE8-7445-4FE6-A338-1CACBD5B529E}.Debug|x86.Build.0 = Debug|Win32
		{C04E9DE8-7445-4FE6-A338-1CACBD5B529E}.Release|x64.ActiveCfg = Release|x64
		{C04E9DE8-7445-4FE6-A338-1CACBD5B529E}.Release|x64.Build.0 = Release|x64
		{C04E9DE8-7445-4FE6-A338-1CACBD5B529E}.Release|x86.ActiveCfg = Release|Win32
		{C04E9DE8-7445-4FE6-A338-1CACBD5B529E}.Release|x86.Build.0 = Release|Win32
		{184DBDC6-A568-4474-87C8-F401D2AADEF3}.Debug|x64.ActiveCfg = Debug|x64
		{184DBDC6-A568-4474-87C8-F401D2AADEF3}.Debug|x64.Build.0 = Debug|x64
		{184DBDC6-A568-4474-87C8-F401D2AADEF3}.Debug|x86.ActiveCfg = Debug|Win32
		{184DBDC6-A568-4474-87C8-F401D2AADEF3}.Debug|x86.Build.0 = Debug|Win32
		{184DBDC6-A568-4474-87C8-F401D2AADEF3}.Release|x64.ActiveCfg = Release|x64
		{184DBDC6-A568-4474-87C8-F401D2AADEF3}.Release|x64.Build.0 = Release|x64
		{184DBDC6-A568-4474-87C8-F401D2AADEF3}.Release|x86.ActiveCfg = Release|Win32
		{184DBDC6-A568-4474-87C8-F401D2AADEF3}.Release|x86.Build.0 = Release|Win32
		{92C665D2-D78E-4E18-9497-DBE0E07A3D60}.Debug|x64.ActiveCfg = Debug|x64
		{92C665D2-D78E-4E18-9497-DBE0E07A3D60}.Debug|x64.Build.0 = Debug|x64
		{92C665D2-D78E-4E18-9497-DBE0E07A3D60}.Debug|x86.ActiveCfg = Debug|Win32
		{92C665D2-D78E-4E18-9497-DBE0E07A3D60}.Debug|x86.Build.0 = Debug|Win32
		{92C665D2-D78E-4E18-9497-DBE0E07A3D60}.Release|x64.ActiveCfg = Release|x64
		{92C665D2-D78E-4E18-9497-DBE0E07A3D60}.Release|x64.Build.0 = Release|x64
		{92C665D2-D78E-4E18-9497-DBE0E07A3D60}.Release|x86.ActiveCfg = Release|Win32
		{92C665D2-D78E-4E18-9497-DBE0E07A3D60}.Release|x86.Build.0 = Release|Win32
	EndGlobalSection
	GlobalSection(SolutionProperties) = preSolution
		HideSolutionNode = FALSE
	EndGlobalSection
	GlobalSection(ExtensibilityGlobals) = postSolution
		SolutionGuid = {3BA68F6E-CE59-43DD-A1F5-08A4CBB88233}
	EndGlobalSection
EndGlobal
